PODS:
  - AEPAssurance (3.0.1):
    - AEPCore (>= 3.1.0)
    - AEPServices (>= 3.1.0)
  - AEPCampaignClassic (3.0.0):
    - AEPCore (>= 3.7.0)
    - AEPServices (>= 3.7.0)
  - AEPCore (3.7.2):
    - AEPRulesEngine (>= 1.1.0)
    - AEPServices (>= 3.7.2)
  - AEPEdge (1.5.0):
    - AEPCore (>= 3.5.0)
    - AEPEdgeIdentity
  - AEPEdgeConsent (1.0.1):
    - AEPCore (>= 3.5.0)
    - AEPEdge (>= 1.4.0)
  - AEPEdgeIdentity (1.1.0):
    - AEPCore (>= 3.6.0)
  - AEPIdentity (3.7.1):
    - AEPCore (>= 3.7.1)
  - AEPLifecycle (3.7.1):
    - AEPCore (>= 3.7.1)
  - AEPMessaging (1.1.0-beta2):
    - AEPCore (>= 3.4.2)
    - AEPEdge (>= 1.1.0)
    - AEPEdgeIdentity (>= 1.0.0)
    - AEPServices (>= 3.4.2)
  - AEPOptimize (1.0.0):
    - AEPCore (>= 3.2.0)
    - AEPEdge (>= 1.2.0)
  - AEPPlaces (3.0.2):
    - AEPCore
    - AEPServices
  - AEPRulesEngine (1.2.0)
  - AEPServices (3.7.2)
  - AEPSignal (3.7.1):
    - AEPCore (>= 3.7.1)
  - AEPTarget (3.3.0):
    - AEPCore (>= 3.1.0)
  - AEPUserProfile (3.0.1):
    - AEPCore
  - boost (1.76.0)
  - CocoaAsyncSocket (7.6.5)
  - DoubleConversion (1.1.6)
  - FBLazyVector (0.70.4)
  - FBReactNativeSpec (0.70.4):
    - RCT-Folly (= 2021.07.22.00)
    - RCTRequired (= 0.70.4)
    - RCTTypeSafety (= 0.70.4)
    - React-Core (= 0.70.4)
    - React-jsi (= 0.70.4)
    - ReactCommon/turbomodule/core (= 0.70.4)
  - Flipper (0.125.0):
    - Flipper-Folly (~> 2.6)
    - Flipper-RSocket (~> 1.4)
  - Flipper-Boost-iOSX (1.76.0.1.11)
  - Flipper-DoubleConversion (3.2.0.1)
  - Flipper-Fmt (7.1.7)
  - Flipper-Folly (2.6.10):
    - Flipper-Boost-iOSX
    - Flipper-DoubleConversion
    - Flipper-Fmt (= 7.1.7)
    - Flipper-Glog
    - libevent (~> 2.1.12)
    - OpenSSL-Universal (= 1.1.1100)
  - Flipper-Glog (0.5.0.5)
  - Flipper-PeerTalk (0.0.4)
  - Flipper-RSocket (1.4.3):
    - Flipper-Folly (~> 2.6)
  - FlipperKit (0.125.0):
    - FlipperKit/Core (= 0.125.0)
  - FlipperKit/Core (0.125.0):
    - Flipper (~> 0.125.0)
    - FlipperKit/CppBridge
    - FlipperKit/FBCxxFollyDynamicConvert
    - FlipperKit/FBDefines
    - FlipperKit/FKPortForwarding
    - SocketRocket (~> 0.6.0)
  - FlipperKit/CppBridge (0.125.0):
    - Flipper (~> 0.125.0)
  - FlipperKit/FBCxxFollyDynamicConvert (0.125.0):
    - Flipper-Folly (~> 2.6)
  - FlipperKit/FBDefines (0.125.0)
  - FlipperKit/FKPortForwarding (0.125.0):
    - CocoaAsyncSocket (~> 7.6)
    - Flipper-PeerTalk (~> 0.0.4)
  - FlipperKit/FlipperKitHighlightOverlay (0.125.0)
  - FlipperKit/FlipperKitLayoutHelpers (0.125.0):
    - FlipperKit/Core
    - FlipperKit/FlipperKitHighlightOverlay
    - FlipperKit/FlipperKitLayoutTextSearchable
  - FlipperKit/FlipperKitLayoutIOSDescriptors (0.125.0):
    - FlipperKit/Core
    - FlipperKit/FlipperKitHighlightOverlay
    - FlipperKit/FlipperKitLayoutHelpers
    - YogaKit (~> 1.18)
  - FlipperKit/FlipperKitLayoutPlugin (0.125.0):
    - FlipperKit/Core
    - FlipperKit/FlipperKitHighlightOverlay
    - FlipperKit/FlipperKitLayoutHelpers
    - FlipperKit/FlipperKitLayoutIOSDescriptors
    - FlipperKit/FlipperKitLayoutTextSearchable
    - YogaKit (~> 1.18)
  - FlipperKit/FlipperKitLayoutTextSearchable (0.125.0)
  - FlipperKit/FlipperKitNetworkPlugin (0.125.0):
    - FlipperKit/Core
  - FlipperKit/FlipperKitReactPlugin (0.125.0):
    - FlipperKit/Core
  - FlipperKit/FlipperKitUserDefaultsPlugin (0.125.0):
    - FlipperKit/Core
  - FlipperKit/SKIOSNetworkPlugin (0.125.0):
    - FlipperKit/Core
    - FlipperKit/FlipperKitNetworkPlugin
  - fmt (6.2.1)
  - glog (0.3.5)
  - hermes-engine (0.70.4)
  - libevent (2.1.12)
  - OpenSSL-Universal (1.1.1100)
  - RCT-Folly (2021.07.22.00):
    - boost
    - DoubleConversion
    - fmt (~> 6.2.1)
    - glog
    - RCT-Folly/Default (= 2021.07.22.00)
  - RCT-Folly/Default (2021.07.22.00):
    - boost
    - DoubleConversion
    - fmt (~> 6.2.1)
    - glog
  - RCT-Folly/Futures (2021.07.22.00):
    - boost
    - DoubleConversion
    - fmt (~> 6.2.1)
    - glog
    - libevent
  - RCTAEPAssurance (3.0.0):
    - AEPAssurance (~> 3.0)
    - React
  - RCTAEPCampaignClassic (1.0.0):
    - AEPCampaignClassic (~> 3.0)
    - React
  - RCTAEPCore (1.0.1):
    - AEPCore (~> 3.0)
    - AEPIdentity (~> 3.0)
    - AEPLifecycle (~> 3.0)
    - AEPSignal (~> 3.0)
    - React
  - RCTAEPEdge (1.0.0):
    - AEPEdge (~> 1.0)
    - React
  - RCTAEPEdgeConsent (1.0.0):
    - AEPEdgeConsent (~> 1.0)
    - React
  - RCTAEPEdgeIdentity (1.1.0):
    - AEPEdgeIdentity (~> 1.0)
    - React
  - RCTAEPMessaging (1.0.0-beta.3):
    - AEPMessaging (~> 1.1.0-beta2)
    - React
  - RCTAEPOptimize (1.0.0):
    - AEPOptimize (~> 1.0)
    - React
  - RCTAEPPlaces (1.0.1):
    - AEPPlaces (~> 3.0)
    - React
  - RCTAEPTarget (1.0.0):
    - AEPTarget (~> 3.2)
    - React
  - RCTAEPUserProfile (1.0.0):
    - AEPUserProfile (~> 3.0)
    - React
  - RCTRequired (0.70.4)
  - RCTTypeSafety (0.70.4):
    - FBLazyVector (= 0.70.4)
    - RCTRequired (= 0.70.4)
    - React-Core (= 0.70.4)
  - React (0.70.4):
    - React-Core (= 0.70.4)
    - React-Core/DevSupport (= 0.70.4)
    - React-Core/RCTWebSocket (= 0.70.4)
    - React-RCTActionSheet (= 0.70.4)
    - React-RCTAnimation (= 0.70.4)
    - React-RCTBlob (= 0.70.4)
    - React-RCTImage (= 0.70.4)
    - React-RCTLinking (= 0.70.4)
    - React-RCTNetwork (= 0.70.4)
    - React-RCTSettings (= 0.70.4)
    - React-RCTText (= 0.70.4)
    - React-RCTVibration (= 0.70.4)
  - React-bridging (0.70.4):
    - RCT-Folly (= 2021.07.22.00)
    - React-jsi (= 0.70.4)
  - React-callinvoker (0.70.4)
  - React-Codegen (0.70.4):
    - FBReactNativeSpec (= 0.70.4)
    - RCT-Folly (= 2021.07.22.00)
    - RCTRequired (= 0.70.4)
    - RCTTypeSafety (= 0.70.4)
    - React-Core (= 0.70.4)
    - React-jsi (= 0.70.4)
    - React-jsiexecutor (= 0.70.4)
    - ReactCommon/turbomodule/core (= 0.70.4)
  - React-Core (0.70.4):
    - glog
    - RCT-Folly (= 2021.07.22.00)
    - React-Core/Default (= 0.70.4)
    - React-cxxreact (= 0.70.4)
    - React-jsi (= 0.70.4)
    - React-jsiexecutor (= 0.70.4)
    - React-perflogger (= 0.70.4)
    - Yoga
  - React-Core/CoreModulesHeaders (0.70.4):
    - glog
    - RCT-Folly (= 2021.07.22.00)
    - React-Core/Default
    - React-cxxreact (= 0.70.4)
    - React-jsi (= 0.70.4)
    - React-jsiexecutor (= 0.70.4)
    - React-perflogger (= 0.70.4)
    - Yoga
  - React-Core/Default (0.70.4):
    - glog
    - RCT-Folly (= 2021.07.22.00)
    - React-cxxreact (= 0.70.4)
    - React-jsi (= 0.70.4)
    - React-jsiexecutor (= 0.70.4)
    - React-perflogger (= 0.70.4)
    - Yoga
  - React-Core/DevSupport (0.70.4):
    - glog
    - RCT-Folly (= 2021.07.22.00)
    - React-Core/Default (= 0.70.4)
    - React-Core/RCTWebSocket (= 0.70.4)
    - React-cxxreact (= 0.70.4)
    - React-jsi (= 0.70.4)
    - React-jsiexecutor (= 0.70.4)
    - React-jsinspector (= 0.70.4)
    - React-perflogger (= 0.70.4)
    - Yoga
  - React-Core/RCTActionSheetHeaders (0.70.4):
    - glog
    - RCT-Folly (= 2021.07.22.00)
    - React-Core/Default
    - React-cxxreact (= 0.70.4)
    - React-jsi (= 0.70.4)
    - React-jsiexecutor (= 0.70.4)
    - React-perflogger (= 0.70.4)
    - Yoga
  - React-Core/RCTAnimationHeaders (0.70.4):
    - glog
    - RCT-Folly (= 2021.07.22.00)
    - React-Core/Default
    - React-cxxreact (= 0.70.4)
    - React-jsi (= 0.70.4)
    - React-jsiexecutor (= 0.70.4)
    - React-perflogger (= 0.70.4)
    - Yoga
  - React-Core/RCTBlobHeaders (0.70.4):
    - glog
    - RCT-Folly (= 2021.07.22.00)
    - React-Core/Default
    - React-cxxreact (= 0.70.4)
    - React-jsi (= 0.70.4)
    - React-jsiexecutor (= 0.70.4)
    - React-perflogger (= 0.70.4)
    - Yoga
  - React-Core/RCTImageHeaders (0.70.4):
    - glog
    - RCT-Folly (= 2021.07.22.00)
    - React-Core/Default
    - React-cxxreact (= 0.70.4)
    - React-jsi (= 0.70.4)
    - React-jsiexecutor (= 0.70.4)
    - React-perflogger (= 0.70.4)
    - Yoga
  - React-Core/RCTLinkingHeaders (0.70.4):
    - glog
    - RCT-Folly (= 2021.07.22.00)
    - React-Core/Default
    - React-cxxreact (= 0.70.4)
    - React-jsi (= 0.70.4)
    - React-jsiexecutor (= 0.70.4)
    - React-perflogger (= 0.70.4)
    - Yoga
  - React-Core/RCTNetworkHeaders (0.70.4):
    - glog
    - RCT-Folly (= 2021.07.22.00)
    - React-Core/Default
    - React-cxxreact (= 0.70.4)
    - React-jsi (= 0.70.4)
    - React-jsiexecutor (= 0.70.4)
    - React-perflogger (= 0.70.4)
    - Yoga
  - React-Core/RCTSettingsHeaders (0.70.4):
    - glog
    - RCT-Folly (= 2021.07.22.00)
    - React-Core/Default
    - React-cxxreact (= 0.70.4)
    - React-jsi (= 0.70.4)
    - React-jsiexecutor (= 0.70.4)
    - React-perflogger (= 0.70.4)
    - Yoga
  - React-Core/RCTTextHeaders (0.70.4):
    - glog
    - RCT-Folly (= 2021.07.22.00)
    - React-Core/Default
    - React-cxxreact (= 0.70.4)
    - React-jsi (= 0.70.4)
    - React-jsiexecutor (= 0.70.4)
    - React-perflogger (= 0.70.4)
    - Yoga
  - React-Core/RCTVibrationHeaders (0.70.4):
    - glog
    - RCT-Folly (= 2021.07.22.00)
    - React-Core/Default
    - React-cxxreact (= 0.70.4)
    - React-jsi (= 0.70.4)
    - React-jsiexecutor (= 0.70.4)
    - React-perflogger (= 0.70.4)
    - Yoga
  - React-Core/RCTWebSocket (0.70.4):
    - glog
    - RCT-Folly (= 2021.07.22.00)
    - React-Core/Default (= 0.70.4)
    - React-cxxreact (= 0.70.4)
    - React-jsi (= 0.70.4)
    - React-jsiexecutor (= 0.70.4)
    - React-perflogger (= 0.70.4)
    - Yoga
  - React-CoreModules (0.70.4):
    - RCT-Folly (= 2021.07.22.00)
    - RCTTypeSafety (= 0.70.4)
    - React-Codegen (= 0.70.4)
    - React-Core/CoreModulesHeaders (= 0.70.4)
    - React-jsi (= 0.70.4)
    - React-RCTImage (= 0.70.4)
    - ReactCommon/turbomodule/core (= 0.70.4)
  - React-cxxreact (0.70.4):
    - boost (= 1.76.0)
    - DoubleConversion
    - glog
    - RCT-Folly (= 2021.07.22.00)
    - React-callinvoker (= 0.70.4)
    - React-jsi (= 0.70.4)
    - React-jsinspector (= 0.70.4)
    - React-logger (= 0.70.4)
    - React-perflogger (= 0.70.4)
    - React-runtimeexecutor (= 0.70.4)
  - React-hermes (0.70.4):
    - DoubleConversion
    - glog
    - hermes-engine
    - RCT-Folly (= 2021.07.22.00)
    - RCT-Folly/Futures (= 2021.07.22.00)
    - React-cxxreact (= 0.70.4)
    - React-jsi (= 0.70.4)
    - React-jsiexecutor (= 0.70.4)
    - React-jsinspector (= 0.70.4)
    - React-perflogger (= 0.70.4)
  - React-jsi (0.70.4):
    - boost (= 1.76.0)
    - DoubleConversion
    - glog
    - RCT-Folly (= 2021.07.22.00)
    - React-jsi/Default (= 0.70.4)
  - React-jsi/Default (0.70.4):
    - boost (= 1.76.0)
    - DoubleConversion
    - glog
    - RCT-Folly (= 2021.07.22.00)
  - React-jsiexecutor (0.70.4):
    - DoubleConversion
    - glog
    - RCT-Folly (= 2021.07.22.00)
    - React-cxxreact (= 0.70.4)
    - React-jsi (= 0.70.4)
    - React-perflogger (= 0.70.4)
  - React-jsinspector (0.70.4)
  - React-logger (0.70.4):
    - glog
  - react-native-safe-area-context (3.4.1):
    - React-Core
  - react-native-webview (11.22.4):
    - React-Core
  - React-perflogger (0.70.4)
  - React-RCTActionSheet (0.70.4):
    - React-Core/RCTActionSheetHeaders (= 0.70.4)
  - React-RCTAnimation (0.70.4):
    - RCT-Folly (= 2021.07.22.00)
    - RCTTypeSafety (= 0.70.4)
    - React-Codegen (= 0.70.4)
    - React-Core/RCTAnimationHeaders (= 0.70.4)
    - React-jsi (= 0.70.4)
    - ReactCommon/turbomodule/core (= 0.70.4)
  - React-RCTBlob (0.70.4):
    - RCT-Folly (= 2021.07.22.00)
    - React-Codegen (= 0.70.4)
    - React-Core/RCTBlobHeaders (= 0.70.4)
    - React-Core/RCTWebSocket (= 0.70.4)
    - React-jsi (= 0.70.4)
    - React-RCTNetwork (= 0.70.4)
    - ReactCommon/turbomodule/core (= 0.70.4)
  - React-RCTImage (0.70.4):
    - RCT-Folly (= 2021.07.22.00)
    - RCTTypeSafety (= 0.70.4)
    - React-Codegen (= 0.70.4)
    - React-Core/RCTImageHeaders (= 0.70.4)
    - React-jsi (= 0.70.4)
    - React-RCTNetwork (= 0.70.4)
    - ReactCommon/turbomodule/core (= 0.70.4)
  - React-RCTLinking (0.70.4):
    - React-Codegen (= 0.70.4)
    - React-Core/RCTLinkingHeaders (= 0.70.4)
    - React-jsi (= 0.70.4)
    - ReactCommon/turbomodule/core (= 0.70.4)
  - React-RCTNetwork (0.70.4):
    - RCT-Folly (= 2021.07.22.00)
    - RCTTypeSafety (= 0.70.4)
    - React-Codegen (= 0.70.4)
    - React-Core/RCTNetworkHeaders (= 0.70.4)
    - React-jsi (= 0.70.4)
    - ReactCommon/turbomodule/core (= 0.70.4)
  - React-RCTSettings (0.70.4):
    - RCT-Folly (= 2021.07.22.00)
    - RCTTypeSafety (= 0.70.4)
    - React-Codegen (= 0.70.4)
    - React-Core/RCTSettingsHeaders (= 0.70.4)
    - React-jsi (= 0.70.4)
    - ReactCommon/turbomodule/core (= 0.70.4)
  - React-RCTText (0.70.4):
    - React-Core/RCTTextHeaders (= 0.70.4)
  - React-RCTVibration (0.70.4):
    - RCT-Folly (= 2021.07.22.00)
    - React-Codegen (= 0.70.4)
    - React-Core/RCTVibrationHeaders (= 0.70.4)
    - React-jsi (= 0.70.4)
    - ReactCommon/turbomodule/core (= 0.70.4)
  - React-runtimeexecutor (0.70.4):
    - React-jsi (= 0.70.4)
  - ReactCommon/turbomodule/core (0.70.4):
    - DoubleConversion
    - glog
    - RCT-Folly (= 2021.07.22.00)
    - React-bridging (= 0.70.4)
    - React-callinvoker (= 0.70.4)
    - React-Core (= 0.70.4)
    - React-cxxreact (= 0.70.4)
    - React-jsi (= 0.70.4)
    - React-logger (= 0.70.4)
    - React-perflogger (= 0.70.4)
  - RNCMaskedView (0.1.11):
    - React
  - RNGestureHandler (2.5.0):
    - React-Core
  - RNReanimated (2.2.4):
    - DoubleConversion
    - FBLazyVector
    - FBReactNativeSpec
    - glog
    - RCT-Folly
    - RCTRequired
    - RCTTypeSafety
    - React
    - React-callinvoker
    - React-Core
    - React-Core/DevSupport
    - React-Core/RCTWebSocket
    - React-CoreModules
    - React-cxxreact
    - React-jsi
    - React-jsiexecutor
    - React-jsinspector
    - React-RCTActionSheet
    - React-RCTAnimation
    - React-RCTBlob
    - React-RCTImage
    - React-RCTLinking
    - React-RCTNetwork
    - React-RCTSettings
    - React-RCTText
    - React-RCTVibration
    - ReactCommon/turbomodule/core
    - Yoga
  - RNScreens (3.13.1):
    - React-Core
    - React-RCTImage
  - SocketRocket (0.6.0)
  - Yoga (1.14.0)
  - YogaKit (1.18.1):
    - Yoga (~> 1.14)

DEPENDENCIES:
  - AEPMessaging (from `https://github.com/adobe/aepsdk-messaging-ios.git`, branch `staging`)
  - boost (from `../node_modules/react-native/third-party-podspecs/boost.podspec`)
  - DoubleConversion (from `../node_modules/react-native/third-party-podspecs/DoubleConversion.podspec`)
  - FBLazyVector (from `../node_modules/react-native/Libraries/FBLazyVector`)
  - FBReactNativeSpec (from `../node_modules/react-native/React/FBReactNativeSpec`)
  - Flipper (= 0.125.0)
  - Flipper-Boost-iOSX (= 1.76.0.1.11)
  - Flipper-DoubleConversion (= 3.2.0.1)
  - Flipper-Fmt (= 7.1.7)
  - Flipper-Folly (= 2.6.10)
  - Flipper-Glog (= 0.5.0.5)
  - Flipper-PeerTalk (= 0.0.4)
  - Flipper-RSocket (= 1.4.3)
  - FlipperKit (= 0.125.0)
  - FlipperKit/Core (= 0.125.0)
  - FlipperKit/CppBridge (= 0.125.0)
  - FlipperKit/FBCxxFollyDynamicConvert (= 0.125.0)
  - FlipperKit/FBDefines (= 0.125.0)
  - FlipperKit/FKPortForwarding (= 0.125.0)
  - FlipperKit/FlipperKitHighlightOverlay (= 0.125.0)
  - FlipperKit/FlipperKitLayoutPlugin (= 0.125.0)
  - FlipperKit/FlipperKitLayoutTextSearchable (= 0.125.0)
  - FlipperKit/FlipperKitNetworkPlugin (= 0.125.0)
  - FlipperKit/FlipperKitReactPlugin (= 0.125.0)
  - FlipperKit/FlipperKitUserDefaultsPlugin (= 0.125.0)
  - FlipperKit/SKIOSNetworkPlugin (= 0.125.0)
  - glog (from `../node_modules/react-native/third-party-podspecs/glog.podspec`)
  - hermes-engine (from `../node_modules/react-native/sdks/hermes/hermes-engine.podspec`)
  - libevent (~> 2.1.12)
  - OpenSSL-Universal (= 1.1.1100)
  - RCT-Folly (from `../node_modules/react-native/third-party-podspecs/RCT-Folly.podspec`)
  - "RCTAEPAssurance (from `../node_modules/@adobe/react-native-aepassurance`)"
  - "RCTAEPCampaignClassic (from `../node_modules/@adobe/react-native-aepcampaignclassic`)"
  - "RCTAEPCore (from `../node_modules/@adobe/react-native-aepcore`)"
  - "RCTAEPEdge (from `../node_modules/@adobe/react-native-aepedge`)"
  - "RCTAEPEdgeConsent (from `../node_modules/@adobe/react-native-aepedgeconsent`)"
  - "RCTAEPEdgeIdentity (from `../node_modules/@adobe/react-native-aepedgeidentity`)"
  - "RCTAEPMessaging (from `../node_modules/@adobe/react-native-aepmessaging`)"
  - "RCTAEPOptimize (from `../node_modules/@adobe/react-native-aepoptimize`)"
  - "RCTAEPPlaces (from `../node_modules/@adobe/react-native-aepplaces`)"
  - "RCTAEPTarget (from `../node_modules/@adobe/react-native-aeptarget`)"
  - "RCTAEPUserProfile (from `../node_modules/@adobe/react-native-aepuserprofile`)"
  - RCTRequired (from `../node_modules/react-native/Libraries/RCTRequired`)
  - RCTTypeSafety (from `../node_modules/react-native/Libraries/TypeSafety`)
  - React (from `../node_modules/react-native/`)
  - React-bridging (from `../node_modules/react-native/ReactCommon`)
  - React-callinvoker (from `../node_modules/react-native/ReactCommon/callinvoker`)
  - React-Codegen (from `build/generated/ios`)
  - React-Core (from `../node_modules/react-native/`)
  - React-Core/RCTWebSocket (from `../node_modules/react-native/`)
  - React-CoreModules (from `../node_modules/react-native/React/CoreModules`)
  - React-cxxreact (from `../node_modules/react-native/ReactCommon/cxxreact`)
  - React-hermes (from `../node_modules/react-native/ReactCommon/hermes`)
  - React-jsi (from `../node_modules/react-native/ReactCommon/jsi`)
  - React-jsiexecutor (from `../node_modules/react-native/ReactCommon/jsiexecutor`)
  - React-jsinspector (from `../node_modules/react-native/ReactCommon/jsinspector`)
  - React-logger (from `../node_modules/react-native/ReactCommon/logger`)
  - react-native-safe-area-context (from `../node_modules/react-native-safe-area-context`)
  - react-native-webview (from `../node_modules/react-native-webview`)
  - React-perflogger (from `../node_modules/react-native/ReactCommon/reactperflogger`)
  - React-RCTActionSheet (from `../node_modules/react-native/Libraries/ActionSheetIOS`)
  - React-RCTAnimation (from `../node_modules/react-native/Libraries/NativeAnimation`)
  - React-RCTBlob (from `../node_modules/react-native/Libraries/Blob`)
  - React-RCTImage (from `../node_modules/react-native/Libraries/Image`)
  - React-RCTLinking (from `../node_modules/react-native/Libraries/LinkingIOS`)
  - React-RCTNetwork (from `../node_modules/react-native/Libraries/Network`)
  - React-RCTSettings (from `../node_modules/react-native/Libraries/Settings`)
  - React-RCTText (from `../node_modules/react-native/Libraries/Text`)
  - React-RCTVibration (from `../node_modules/react-native/Libraries/Vibration`)
  - React-runtimeexecutor (from `../node_modules/react-native/ReactCommon/runtimeexecutor`)
  - ReactCommon/turbomodule/core (from `../node_modules/react-native/ReactCommon`)
  - "RNCMaskedView (from `../node_modules/@react-native-community/masked-view`)"
  - RNGestureHandler (from `../node_modules/react-native-gesture-handler`)
  - RNReanimated (from `../node_modules/react-native-reanimated`)
  - RNScreens (from `../node_modules/react-native-screens`)
  - Yoga (from `../node_modules/react-native/ReactCommon/yoga`)

SPEC REPOS:
  trunk:
    - AEPAssurance
    - AEPCampaignClassic
    - AEPCore
    - AEPEdge
    - AEPEdgeConsent
    - AEPEdgeIdentity
    - AEPIdentity
    - AEPLifecycle
    - AEPOptimize
    - AEPPlaces
    - AEPRulesEngine
    - AEPServices
    - AEPSignal
    - AEPTarget
    - AEPUserProfile
    - CocoaAsyncSocket
    - Flipper
    - Flipper-Boost-iOSX
    - Flipper-DoubleConversion
    - Flipper-Fmt
    - Flipper-Folly
    - Flipper-Glog
    - Flipper-PeerTalk
    - Flipper-RSocket
    - FlipperKit
    - fmt
    - libevent
    - OpenSSL-Universal
    - SocketRocket
    - YogaKit

EXTERNAL SOURCES:
  AEPMessaging:
    :branch: staging
    :git: https://github.com/adobe/aepsdk-messaging-ios.git
  boost:
    :podspec: "../node_modules/react-native/third-party-podspecs/boost.podspec"
  DoubleConversion:
    :podspec: "../node_modules/react-native/third-party-podspecs/DoubleConversion.podspec"
  FBLazyVector:
    :path: "../node_modules/react-native/Libraries/FBLazyVector"
  FBReactNativeSpec:
    :path: "../node_modules/react-native/React/FBReactNativeSpec"
  glog:
    :podspec: "../node_modules/react-native/third-party-podspecs/glog.podspec"
  hermes-engine:
    :podspec: "../node_modules/react-native/sdks/hermes/hermes-engine.podspec"
  RCT-Folly:
    :podspec: "../node_modules/react-native/third-party-podspecs/RCT-Folly.podspec"
  RCTAEPAssurance:
    :path: "../node_modules/@adobe/react-native-aepassurance"
  RCTAEPCampaignClassic:
    :path: "../node_modules/@adobe/react-native-aepcampaignclassic"
  RCTAEPCore:
    :path: "../node_modules/@adobe/react-native-aepcore"
  RCTAEPEdge:
    :path: "../node_modules/@adobe/react-native-aepedge"
  RCTAEPEdgeConsent:
    :path: "../node_modules/@adobe/react-native-aepedgeconsent"
  RCTAEPEdgeIdentity:
    :path: "../node_modules/@adobe/react-native-aepedgeidentity"
  RCTAEPMessaging:
    :path: "../node_modules/@adobe/react-native-aepmessaging"
  RCTAEPOptimize:
    :path: "../node_modules/@adobe/react-native-aepoptimize"
  RCTAEPPlaces:
    :path: "../node_modules/@adobe/react-native-aepplaces"
  RCTAEPTarget:
    :path: "../node_modules/@adobe/react-native-aeptarget"
  RCTAEPUserProfile:
    :path: "../node_modules/@adobe/react-native-aepuserprofile"
  RCTRequired:
    :path: "../node_modules/react-native/Libraries/RCTRequired"
  RCTTypeSafety:
    :path: "../node_modules/react-native/Libraries/TypeSafety"
  React:
    :path: "../node_modules/react-native/"
  React-bridging:
    :path: "../node_modules/react-native/ReactCommon"
  React-callinvoker:
    :path: "../node_modules/react-native/ReactCommon/callinvoker"
  React-Codegen:
    :path: build/generated/ios
  React-Core:
    :path: "../node_modules/react-native/"
  React-CoreModules:
    :path: "../node_modules/react-native/React/CoreModules"
  React-cxxreact:
    :path: "../node_modules/react-native/ReactCommon/cxxreact"
  React-hermes:
    :path: "../node_modules/react-native/ReactCommon/hermes"
  React-jsi:
    :path: "../node_modules/react-native/ReactCommon/jsi"
  React-jsiexecutor:
    :path: "../node_modules/react-native/ReactCommon/jsiexecutor"
  React-jsinspector:
    :path: "../node_modules/react-native/ReactCommon/jsinspector"
  React-logger:
    :path: "../node_modules/react-native/ReactCommon/logger"
  react-native-safe-area-context:
    :path: "../node_modules/react-native-safe-area-context"
  react-native-webview:
    :path: "../node_modules/react-native-webview"
  React-perflogger:
    :path: "../node_modules/react-native/ReactCommon/reactperflogger"
  React-RCTActionSheet:
    :path: "../node_modules/react-native/Libraries/ActionSheetIOS"
  React-RCTAnimation:
    :path: "../node_modules/react-native/Libraries/NativeAnimation"
  React-RCTBlob:
    :path: "../node_modules/react-native/Libraries/Blob"
  React-RCTImage:
    :path: "../node_modules/react-native/Libraries/Image"
  React-RCTLinking:
    :path: "../node_modules/react-native/Libraries/LinkingIOS"
  React-RCTNetwork:
    :path: "../node_modules/react-native/Libraries/Network"
  React-RCTSettings:
    :path: "../node_modules/react-native/Libraries/Settings"
  React-RCTText:
    :path: "../node_modules/react-native/Libraries/Text"
  React-RCTVibration:
    :path: "../node_modules/react-native/Libraries/Vibration"
  React-runtimeexecutor:
    :path: "../node_modules/react-native/ReactCommon/runtimeexecutor"
  ReactCommon:
    :path: "../node_modules/react-native/ReactCommon"
  RNCMaskedView:
    :path: "../node_modules/@react-native-community/masked-view"
  RNGestureHandler:
    :path: "../node_modules/react-native-gesture-handler"
  RNReanimated:
    :path: "../node_modules/react-native-reanimated"
  RNScreens:
    :path: "../node_modules/react-native-screens"
  Yoga:
    :path: "../node_modules/react-native/ReactCommon/yoga"

CHECKOUT OPTIONS:
  AEPMessaging:
    :commit: 5da195462a696392a05296d3df55241a7bba92c2
    :git: https://github.com/adobe/aepsdk-messaging-ios.git

SPEC CHECKSUMS:
  AEPAssurance: b25880cd4b14f22c61a1dce19807bd0ca0fe9b17
  AEPCampaignClassic: cd20252606d9e12d5ee2c410df260762faa49d2c
  AEPCore: b606a373e01673d3d9ee244d95010cd75f26d50d
  AEPEdge: 924cd8ace3db40b9c42bc2bc5e8fb1fcad3a9b77
  AEPEdgeConsent: a23b35ab331d2aa2013fcef49c9d6b80085d5597
  AEPEdgeIdentity: 47f0c6ecbec5857b2a8cb9b7bf717c2424c6bae0
  AEPIdentity: 7cd5a51d8012aeaeee769e99597db016ad68b0d1
  AEPLifecycle: 94c36a54f7e5466c5274bc822c53eaa410b74888
  AEPMessaging: 31635f7570be215f1bd2781f0e67a7a3a49952aa
  AEPOptimize: 413690f88cb8ae574153a94081331788ca740a91
  AEPPlaces: f52c80817845429fca4321fc64326bd45ad9e495
  AEPRulesEngine: 71228dfdac24c9ded09be13e3257a7eb22468ccc
  AEPServices: 243909789b9961d07ebe92ec8350e2d5954d5be7
  AEPSignal: c9b3c239120190fae8e8479d584d54b60af37d99
  AEPTarget: dcadd4dabd59976ff9067cead194c2d29576ffd9
  AEPUserProfile: 2ddb5ba8e2c22dd8f942992306b050f4be2c2403
  boost: a7c83b31436843459a1961bfd74b96033dc77234
  CocoaAsyncSocket: 065fd1e645c7abab64f7a6a2007a48038fdc6a99
  DoubleConversion: 5189b271737e1565bdce30deb4a08d647e3f5f54
  FBLazyVector: 8a28262f61fbe40c04ce8677b8d835d97c18f1b3
  FBReactNativeSpec: b475991eb2d8da6a4ec32d09a8df31b0247fa87d
  Flipper: 26fc4b7382499f1281eb8cb921e5c3ad6de91fe0
  Flipper-Boost-iOSX: fd1e2b8cbef7e662a122412d7ac5f5bea715403c
  Flipper-DoubleConversion: 2dc99b02f658daf147069aad9dbd29d8feb06d30
  Flipper-Fmt: 60cbdd92fc254826e61d669a5d87ef7015396a9b
  Flipper-Folly: 584845625005ff068a6ebf41f857f468decd26b3
  Flipper-Glog: 70c50ce58ddaf67dc35180db05f191692570f446
  Flipper-PeerTalk: 116d8f857dc6ef55c7a5a75ea3ceaafe878aadc9
  Flipper-RSocket: d9d9ade67cbecf6ac10730304bf5607266dd2541
  FlipperKit: cbdee19bdd4e7f05472a66ce290f1b729ba3cb86
  fmt: ff9d55029c625d3757ed641535fd4a75fedc7ce9
  glog: 04b94705f318337d7ead9e6d17c019bd9b1f6b1b
  hermes-engine: 3623325e0d0676a45fbc544d72c57dd79fce7446
  libevent: 4049cae6c81cdb3654a443be001fb9bdceff7913
  OpenSSL-Universal: ebc357f1e6bc71fa463ccb2fe676756aff50e88c
  RCT-Folly: 0080d0a6ebf2577475bda044aa59e2ca1f909cda
  RCTAEPAssurance: 9f51b9b5da17f9b98a41ce29e4f3e3b67ea36c17
  RCTAEPCampaignClassic: 4a4fa594992153438e9f838d50ad97bb734d8fd9
  RCTAEPCore: 513c7e995cafcaf536653f0dfaaba2b92862b93a
  RCTAEPEdge: 9938932e89a90adf5cd30250b46cc67fbe35dd06
  RCTAEPEdgeConsent: b998b2d08f254635ef01263fea186d7262f2d242
  RCTAEPEdgeIdentity: 1b18a3ff1947f8f4896d5f40083d31a6971e4bbc
  RCTAEPMessaging: db5eac36357eef99c482687f76ebe4ad4c491879
  RCTAEPOptimize: 634c655a49f57aaf9e9f41b03be4d69ba0df1e9b
  RCTAEPPlaces: 45f17b446ff7abb6d8f7efa3f1025c9d9dfe1d31
  RCTAEPTarget: 84b56042d100452714ef6b7c816808a51ff901b8
  RCTAEPUserProfile: 341c77e0d18d69872c81e425a2e9cae37fe82045
  RCTRequired: 49a2c4d4215580d8b24ed538ae01b6de20b43a76
  RCTTypeSafety: 55d538399fe8b51e5cd862e2ec2f9b135b07e783
  React: 413fd7d791365c2c5742b60493d3ab450ca1a210
  React-bridging: 8e577e404677d57daa0310db63e6a27328a57207
  React-callinvoker: d0ae2f0ea66bcf29a3e42a895428d2f01473d2ea
  React-Codegen: 273200ed3b02d35fd1755aebe0eb3319b037d950
  React-Core: f42a10403076c1114f8c50f063ddafc9eea92fff
  React-CoreModules: 1ed78c63dad96f40b123d4d4ca455e09ccd8aaed
  React-cxxreact: 7d30af80adb5fe6a97646a06540c19e61736aa15
  React-hermes: 185ce251487bcb812c34ce33b1ab6412419b43a3
  React-jsi: 9b2b4ac1642b72bffcd74550f0caa0926b3f8a4d
  React-jsiexecutor: 4a893fc8f683b91befcaf56c44ad8be4506b6828
  React-jsinspector: 1d5a9e84e419a57cabc23249aec3d837d1b03a80
  React-logger: f8071ad48248781d5afdb8a07f778758529d3019
  react-native-safe-area-context: 9e40fb181dac02619414ba1294d6c2a807056ab9
  react-native-webview: a1ed211d50a5047a4fe54e07140991e277cd66e6
  React-perflogger: 5e41b01b35d97cc1b0ea177181eb33b5c77623b6
  React-RCTActionSheet: 48949f30b24200c82f3dd27847513be34e06a3ae
  React-RCTAnimation: 96af42c97966fcd53ed9c31bee6f969c770312b6
  React-RCTBlob: 22aa326a2b34eea3299a2274ce93e102f8383ed9
  React-RCTImage: 1df0dbdb53609778f68830ccdd07ff3b40812837
  React-RCTLinking: eef4732d9102a10174115a727588d199711e376c
  React-RCTNetwork: 18716f00568ec203df2192d35f4a74d1d9b00675
  React-RCTSettings: 1dc8a5e5272cea1bad2f8d9b4e6bac91b846749b
  React-RCTText: 17652c6294903677fb3d754b5955ac293347782c
  React-RCTVibration: 0e247407238d3bd6b29d922d7b5de0404359431b
  React-runtimeexecutor: 5407e26b5aaafa9b01a08e33653255f8247e7c31
  ReactCommon: abf3605a56f98b91671d0d1327addc4ffb87af77
  RNCMaskedView: 0e1bc4bfa8365eba5fbbb71e07fbdc0555249489
  RNGestureHandler: bad495418bcbd3ab47017a38d93d290ebd406f50
  RNReanimated: 1b1b442d84cba454bae467c91a0ac3274e4ca25d
  RNScreens: 40a2cb40a02a609938137a1e0acfbf8fc9eebf19
  SocketRocket: fccef3f9c5cedea1353a9ef6ada904fde10d6608
  Yoga: 1f02ef4ce4469aefc36167138441b27d988282b1
  YogaKit: f782866e155069a2cca2517aafea43200b01fd5a

PODFILE CHECKSUM: 0b6fe6e2014864f2b2968c9da5b8ddf79e7200f2

COCOAPODS: 1.11.2
