PODS:
  - AEPAssurance (3.0.1):
    - AEPCore (>= 3.1.0)
    - AEPServices (>= 3.1.0)
  - AEPCampaignClassic (3.0.0):
    - AEPCore (>= 3.7.0)
    - AEPServices (>= 3.7.0)
  - AEPCore (3.7.4):
    - AEPRulesEngine (>= 1.1.0)
    - AEPServices (>= 3.7.4)
  - AEPEdge (1.5.0):
    - AEPCore (>= 3.5.0)
    - AEPEdgeIdentity
  - AEPEdgeConsent (1.0.1):
    - AEPCore (>= 3.5.0)
    - AEPEdge (>= 1.4.0)
  - AEPEdgeIdentity (1.1.0):
    - AEPCore (>= 3.6.0)
  - AEPIdentity (3.7.4):
    - AEPCore (>= 3.7.4)
  - AEPLifecycle (3.7.4):
    - AEPCore (>= 3.7.4)
  - AEPMessaging (1.1.0):
    - AEPCore (>= 3.7.4)
    - AEPEdge (>= 1.5.0)
    - AEPEdgeIdentity (>= 1.1.0)
    - AEPServices (>= 3.7.4)
  - AEPOptimize (1.0.0):
    - AEPCore (>= 3.2.0)
    - AEPEdge (>= 1.2.0)
  - AEPPlaces (3.0.2):
    - AEPCore
    - AEPServices
  - AEPRulesEngine (1.2.0)
  - AEPServices (3.7.4)
  - AEPSignal (3.7.4):
    - AEPCore (>= 3.7.4)
  - AEPTarget (3.3.0):
    - AEPCore (>= 3.1.0)
  - AEPUserProfile (3.0.1):
    - AEPCore
  - boost (1.76.0)
  - CocoaAsyncSocket (7.6.5)
  - DoubleConversion (1.1.6)
  - FBLazyVector (0.68.5)
  - FBReactNativeSpec (0.68.5):
    - RCT-Folly (= 2021.06.28.00-v2)
    - RCTRequired (= 0.68.5)
    - RCTTypeSafety (= 0.68.5)
    - React-Core (= 0.68.5)
    - React-jsi (= 0.68.5)
    - ReactCommon/turbomodule/core (= 0.68.5)
  - Flipper (0.125.0):
    - Flipper-Folly (~> 2.6)
    - Flipper-RSocket (~> 1.4)
  - Flipper-Boost-iOSX (1.76.0.1.11)
  - Flipper-DoubleConversion (3.2.0)
  - Flipper-Fmt (7.1.7)
  - Flipper-Folly (2.6.10):
    - Flipper-Boost-iOSX
    - Flipper-DoubleConversion
    - Flipper-Fmt (= 7.1.7)
    - Flipper-Glog
    - libevent (~> 2.1.12)
    - OpenSSL-Universal (= 1.1.1100)
  - Flipper-Glog (0.5.0.4)
  - Flipper-PeerTalk (0.0.4)
  - Flipper-RSocket (1.4.3):
    - Flipper-Folly (~> 2.6)
  - FlipperKit (0.125.0):
    - FlipperKit/Core (= 0.125.0)
  - FlipperKit/Core (0.125.0):
    - Flipper (~> 0.125.0)
    - FlipperKit/CppBridge
    - FlipperKit/FBCxxFollyDynamicConvert
    - FlipperKit/FBDefines
    - FlipperKit/FKPortForwarding
    - SocketRocket (~> 0.6.0)
  - FlipperKit/CppBridge (0.125.0):
    - Flipper (~> 0.125.0)
  - FlipperKit/FBCxxFollyDynamicConvert (0.125.0):
    - Flipper-Folly (~> 2.6)
  - FlipperKit/FBDefines (0.125.0)
  - FlipperKit/FKPortForwarding (0.125.0):
    - CocoaAsyncSocket (~> 7.6)
    - Flipper-PeerTalk (~> 0.0.4)
  - FlipperKit/FlipperKitHighlightOverlay (0.125.0)
  - FlipperKit/FlipperKitLayoutHelpers (0.125.0):
    - FlipperKit/Core
    - FlipperKit/FlipperKitHighlightOverlay
    - FlipperKit/FlipperKitLayoutTextSearchable
  - FlipperKit/FlipperKitLayoutIOSDescriptors (0.125.0):
    - FlipperKit/Core
    - FlipperKit/FlipperKitHighlightOverlay
    - FlipperKit/FlipperKitLayoutHelpers
    - YogaKit (~> 1.18)
  - FlipperKit/FlipperKitLayoutPlugin (0.125.0):
    - FlipperKit/Core
    - FlipperKit/FlipperKitHighlightOverlay
    - FlipperKit/FlipperKitLayoutHelpers
    - FlipperKit/FlipperKitLayoutIOSDescriptors
    - FlipperKit/FlipperKitLayoutTextSearchable
    - YogaKit (~> 1.18)
  - FlipperKit/FlipperKitLayoutTextSearchable (0.125.0)
  - FlipperKit/FlipperKitNetworkPlugin (0.125.0):
    - FlipperKit/Core
  - FlipperKit/FlipperKitReactPlugin (0.125.0):
    - FlipperKit/Core
  - FlipperKit/FlipperKitUserDefaultsPlugin (0.125.0):
    - FlipperKit/Core
  - FlipperKit/SKIOSNetworkPlugin (0.125.0):
    - FlipperKit/Core
    - FlipperKit/FlipperKitNetworkPlugin
  - fmt (6.2.1)
  - glog (0.3.5)
  - libevent (2.1.12)
  - OpenSSL-Universal (1.1.1100)
  - RCT-Folly (2021.06.28.00-v2):
    - boost
    - DoubleConversion
    - fmt (~> 6.2.1)
    - glog
    - RCT-Folly/Default (= 2021.06.28.00-v2)
  - RCT-Folly/Default (2021.06.28.00-v2):
    - boost
    - DoubleConversion
    - fmt (~> 6.2.1)
    - glog
  - RCTAEPAssurance (3.0.0):
    - AEPAssurance (~> 3.0)
    - React
  - RCTAEPCampaignClassic (2.0.0):
    - AEPCampaignClassic (~> 3.0)
    - React
  - RCTAEPCore (2.0.0):
    - AEPCore (~> 3.0)
    - AEPIdentity (~> 3.0)
    - AEPLifecycle (~> 3.0)
    - AEPSignal (~> 3.0)
    - React
  - RCTAEPEdge (2.0.0):
    - AEPEdge (~> 1.0)
    - React
  - RCTAEPEdgeConsent (2.0.0):
    - AEPEdgeConsent (~> 1.0)
    - React
  - RCTAEPEdgeIdentity (2.0.0):
    - AEPEdgeIdentity (~> 1.0)
    - React
  - RCTAEPMessaging (1.0.0):
    - AEPMessaging (~> 1.1.0-beta2)
    - React
  - RCTAEPOptimize (2.0.0):
    - AEPOptimize (~> 1.0)
    - React
  - RCTAEPPlaces (2.0.0):
    - AEPPlaces (~> 3.0)
    - React
  - RCTAEPTarget (2.0.0):
    - AEPTarget (~> 3.2)
    - React
  - RCTAEPUserProfile (2.0.0):
    - AEPUserProfile (~> 3.0)
    - React
  - RCTRequired (0.68.5)
  - RCTTypeSafety (0.68.5):
    - FBLazyVector (= 0.68.5)
    - RCT-Folly (= 2021.06.28.00-v2)
    - RCTRequired (= 0.68.5)
    - React-Core (= 0.68.5)
  - React (0.68.5):
    - React-Core (= 0.68.5)
    - React-Core/DevSupport (= 0.68.5)
    - React-Core/RCTWebSocket (= 0.68.5)
    - React-RCTActionSheet (= 0.68.5)
    - React-RCTAnimation (= 0.68.5)
    - React-RCTBlob (= 0.68.5)
    - React-RCTImage (= 0.68.5)
    - React-RCTLinking (= 0.68.5)
    - React-RCTNetwork (= 0.68.5)
    - React-RCTSettings (= 0.68.5)
    - React-RCTText (= 0.68.5)
    - React-RCTVibration (= 0.68.5)
  - React-callinvoker (0.68.5)
  - React-Codegen (0.68.5):
    - FBReactNativeSpec (= 0.68.5)
    - RCT-Folly (= 2021.06.28.00-v2)
    - RCTRequired (= 0.68.5)
    - RCTTypeSafety (= 0.68.5)
    - React-Core (= 0.68.5)
    - React-jsi (= 0.68.5)
    - React-jsiexecutor (= 0.68.5)
    - ReactCommon/turbomodule/core (= 0.68.5)
  - React-Core (0.68.5):
    - glog
    - RCT-Folly (= 2021.06.28.00-v2)
    - React-Core/Default (= 0.68.5)
    - React-cxxreact (= 0.68.5)
    - React-jsi (= 0.68.5)
    - React-jsiexecutor (= 0.68.5)
    - React-perflogger (= 0.68.5)
    - Yoga
  - React-Core/CoreModulesHeaders (0.68.5):
    - glog
    - RCT-Folly (= 2021.06.28.00-v2)
    - React-Core/Default
    - React-cxxreact (= 0.68.5)
    - React-jsi (= 0.68.5)
    - React-jsiexecutor (= 0.68.5)
    - React-perflogger (= 0.68.5)
    - Yoga
  - React-Core/Default (0.68.5):
    - glog
    - RCT-Folly (= 2021.06.28.00-v2)
    - React-cxxreact (= 0.68.5)
    - React-jsi (= 0.68.5)
    - React-jsiexecutor (= 0.68.5)
    - React-perflogger (= 0.68.5)
    - Yoga
  - React-Core/DevSupport (0.68.5):
    - glog
    - RCT-Folly (= 2021.06.28.00-v2)
    - React-Core/Default (= 0.68.5)
    - React-Core/RCTWebSocket (= 0.68.5)
    - React-cxxreact (= 0.68.5)
    - React-jsi (= 0.68.5)
    - React-jsiexecutor (= 0.68.5)
    - React-jsinspector (= 0.68.5)
    - React-perflogger (= 0.68.5)
    - Yoga
  - React-Core/RCTActionSheetHeaders (0.68.5):
    - glog
    - RCT-Folly (= 2021.06.28.00-v2)
    - React-Core/Default
    - React-cxxreact (= 0.68.5)
    - React-jsi (= 0.68.5)
    - React-jsiexecutor (= 0.68.5)
    - React-perflogger (= 0.68.5)
    - Yoga
  - React-Core/RCTAnimationHeaders (0.68.5):
    - glog
    - RCT-Folly (= 2021.06.28.00-v2)
    - React-Core/Default
    - React-cxxreact (= 0.68.5)
    - React-jsi (= 0.68.5)
    - React-jsiexecutor (= 0.68.5)
    - React-perflogger (= 0.68.5)
    - Yoga
  - React-Core/RCTBlobHeaders (0.68.5):
    - glog
    - RCT-Folly (= 2021.06.28.00-v2)
    - React-Core/Default
    - React-cxxreact (= 0.68.5)
    - React-jsi (= 0.68.5)
    - React-jsiexecutor (= 0.68.5)
    - React-perflogger (= 0.68.5)
    - Yoga
  - React-Core/RCTImageHeaders (0.68.5):
    - glog
    - RCT-Folly (= 2021.06.28.00-v2)
    - React-Core/Default
    - React-cxxreact (= 0.68.5)
    - React-jsi (= 0.68.5)
    - React-jsiexecutor (= 0.68.5)
    - React-perflogger (= 0.68.5)
    - Yoga
  - React-Core/RCTLinkingHeaders (0.68.5):
    - glog
    - RCT-Folly (= 2021.06.28.00-v2)
    - React-Core/Default
    - React-cxxreact (= 0.68.5)
    - React-jsi (= 0.68.5)
    - React-jsiexecutor (= 0.68.5)
    - React-perflogger (= 0.68.5)
    - Yoga
  - React-Core/RCTNetworkHeaders (0.68.5):
    - glog
    - RCT-Folly (= 2021.06.28.00-v2)
    - React-Core/Default
    - React-cxxreact (= 0.68.5)
    - React-jsi (= 0.68.5)
    - React-jsiexecutor (= 0.68.5)
    - React-perflogger (= 0.68.5)
    - Yoga
  - React-Core/RCTSettingsHeaders (0.68.5):
    - glog
    - RCT-Folly (= 2021.06.28.00-v2)
    - React-Core/Default
    - React-cxxreact (= 0.68.5)
    - React-jsi (= 0.68.5)
    - React-jsiexecutor (= 0.68.5)
    - React-perflogger (= 0.68.5)
    - Yoga
  - React-Core/RCTTextHeaders (0.68.5):
    - glog
    - RCT-Folly (= 2021.06.28.00-v2)
    - React-Core/Default
    - React-cxxreact (= 0.68.5)
    - React-jsi (= 0.68.5)
    - React-jsiexecutor (= 0.68.5)
    - React-perflogger (= 0.68.5)
    - Yoga
  - React-Core/RCTVibrationHeaders (0.68.5):
    - glog
    - RCT-Folly (= 2021.06.28.00-v2)
    - React-Core/Default
    - React-cxxreact (= 0.68.5)
    - React-jsi (= 0.68.5)
    - React-jsiexecutor (= 0.68.5)
    - React-perflogger (= 0.68.5)
    - Yoga
  - React-Core/RCTWebSocket (0.68.5):
    - glog
    - RCT-Folly (= 2021.06.28.00-v2)
    - React-Core/Default (= 0.68.5)
    - React-cxxreact (= 0.68.5)
    - React-jsi (= 0.68.5)
    - React-jsiexecutor (= 0.68.5)
    - React-perflogger (= 0.68.5)
    - Yoga
  - React-CoreModules (0.68.5):
    - RCT-Folly (= 2021.06.28.00-v2)
    - RCTTypeSafety (= 0.68.5)
    - React-Codegen (= 0.68.5)
    - React-Core/CoreModulesHeaders (= 0.68.5)
    - React-jsi (= 0.68.5)
    - React-RCTImage (= 0.68.5)
    - ReactCommon/turbomodule/core (= 0.68.5)
  - React-cxxreact (0.68.5):
    - boost (= 1.76.0)
    - DoubleConversion
    - glog
    - RCT-Folly (= 2021.06.28.00-v2)
    - React-callinvoker (= 0.68.5)
    - React-jsi (= 0.68.5)
    - React-jsinspector (= 0.68.5)
    - React-logger (= 0.68.5)
    - React-perflogger (= 0.68.5)
    - React-runtimeexecutor (= 0.68.5)
  - React-jsi (0.68.5):
    - boost (= 1.76.0)
    - DoubleConversion
    - glog
    - RCT-Folly (= 2021.06.28.00-v2)
    - React-jsi/Default (= 0.68.5)
  - React-jsi/Default (0.68.5):
    - boost (= 1.76.0)
    - DoubleConversion
    - glog
    - RCT-Folly (= 2021.06.28.00-v2)
  - React-jsiexecutor (0.68.5):
    - DoubleConversion
    - glog
    - RCT-Folly (= 2021.06.28.00-v2)
    - React-cxxreact (= 0.68.5)
    - React-jsi (= 0.68.5)
    - React-perflogger (= 0.68.5)
  - React-jsinspector (0.68.5)
  - React-logger (0.68.5):
    - glog
  - react-native-safe-area-context (3.4.1):
    - React-Core
  - react-native-webview (11.26.1):
    - React-Core
  - React-perflogger (0.68.5)
  - React-RCTActionSheet (0.68.5):
    - React-Core/RCTActionSheetHeaders (= 0.68.5)
  - React-RCTAnimation (0.68.5):
    - RCT-Folly (= 2021.06.28.00-v2)
    - RCTTypeSafety (= 0.68.5)
    - React-Codegen (= 0.68.5)
    - React-Core/RCTAnimationHeaders (= 0.68.5)
    - React-jsi (= 0.68.5)
    - ReactCommon/turbomodule/core (= 0.68.5)
  - React-RCTBlob (0.68.5):
    - RCT-Folly (= 2021.06.28.00-v2)
    - React-Codegen (= 0.68.5)
    - React-Core/RCTBlobHeaders (= 0.68.5)
    - React-Core/RCTWebSocket (= 0.68.5)
    - React-jsi (= 0.68.5)
    - React-RCTNetwork (= 0.68.5)
    - ReactCommon/turbomodule/core (= 0.68.5)
  - React-RCTImage (0.68.5):
    - RCT-Folly (= 2021.06.28.00-v2)
    - RCTTypeSafety (= 0.68.5)
    - React-Codegen (= 0.68.5)
    - React-Core/RCTImageHeaders (= 0.68.5)
    - React-jsi (= 0.68.5)
    - React-RCTNetwork (= 0.68.5)
    - ReactCommon/turbomodule/core (= 0.68.5)
  - React-RCTLinking (0.68.5):
    - React-Codegen (= 0.68.5)
    - React-Core/RCTLinkingHeaders (= 0.68.5)
    - React-jsi (= 0.68.5)
    - ReactCommon/turbomodule/core (= 0.68.5)
  - React-RCTNetwork (0.68.5):
    - RCT-Folly (= 2021.06.28.00-v2)
    - RCTTypeSafety (= 0.68.5)
    - React-Codegen (= 0.68.5)
    - React-Core/RCTNetworkHeaders (= 0.68.5)
    - React-jsi (= 0.68.5)
    - ReactCommon/turbomodule/core (= 0.68.5)
  - React-RCTSettings (0.68.5):
    - RCT-Folly (= 2021.06.28.00-v2)
    - RCTTypeSafety (= 0.68.5)
    - React-Codegen (= 0.68.5)
    - React-Core/RCTSettingsHeaders (= 0.68.5)
    - React-jsi (= 0.68.5)
    - ReactCommon/turbomodule/core (= 0.68.5)
  - React-RCTText (0.68.5):
    - React-Core/RCTTextHeaders (= 0.68.5)
  - React-RCTVibration (0.68.5):
    - RCT-Folly (= 2021.06.28.00-v2)
    - React-Codegen (= 0.68.5)
    - React-Core/RCTVibrationHeaders (= 0.68.5)
    - React-jsi (= 0.68.5)
    - ReactCommon/turbomodule/core (= 0.68.5)
  - React-runtimeexecutor (0.68.5):
    - React-jsi (= 0.68.5)
  - ReactCommon/turbomodule/core (0.68.5):
    - DoubleConversion
    - glog
    - RCT-Folly (= 2021.06.28.00-v2)
    - React-callinvoker (= 0.68.5)
    - React-Core (= 0.68.5)
    - React-cxxreact (= 0.68.5)
    - React-jsi (= 0.68.5)
    - React-logger (= 0.68.5)
    - React-perflogger (= 0.68.5)
  - RNCMaskedView (0.1.11):
    - React
  - RNGestureHandler (2.9.0):
    - React-Core
  - RNReanimated (2.2.4):
    - DoubleConversion
    - FBLazyVector
    - FBReactNativeSpec
    - glog
    - RCT-Folly
    - RCTRequired
    - RCTTypeSafety
    - React
    - React-callinvoker
    - React-Core
    - React-Core/DevSupport
    - React-Core/RCTWebSocket
    - React-CoreModules
    - React-cxxreact
    - React-jsi
    - React-jsiexecutor
    - React-jsinspector
    - React-RCTActionSheet
    - React-RCTAnimation
    - React-RCTBlob
    - React-RCTImage
    - React-RCTLinking
    - React-RCTNetwork
    - React-RCTSettings
    - React-RCTText
    - React-RCTVibration
    - ReactCommon/turbomodule/core
    - Yoga
  - RNScreens (3.20.0):
    - React-Core
    - React-RCTImage
  - SocketRocket (0.6.0)
  - Yoga (1.14.0)
  - YogaKit (1.18.1):
    - Yoga (~> 1.14)

DEPENDENCIES:
  - AEPMessaging (from `https://github.com/adobe/aepsdk-messaging-ios.git`, branch `staging`)
  - boost (from `../node_modules/react-native/third-party-podspecs/boost.podspec`)
  - DoubleConversion (from `../node_modules/react-native/third-party-podspecs/DoubleConversion.podspec`)
  - FBLazyVector (from `../node_modules/react-native/Libraries/FBLazyVector`)
  - FBReactNativeSpec (from `../node_modules/react-native/React/FBReactNativeSpec`)
  - Flipper (= 0.125.0)
  - Flipper-Boost-iOSX (= 1.76.0.1.11)
  - Flipper-DoubleConversion (= 3.2.0)
  - Flipper-Fmt (= 7.1.7)
  - Flipper-Folly (= 2.6.10)
  - Flipper-Glog (= 0.5.0.4)
  - Flipper-PeerTalk (= 0.0.4)
  - Flipper-RSocket (= 1.4.3)
  - FlipperKit (= 0.125.0)
  - FlipperKit/Core (= 0.125.0)
  - FlipperKit/CppBridge (= 0.125.0)
  - FlipperKit/FBCxxFollyDynamicConvert (= 0.125.0)
  - FlipperKit/FBDefines (= 0.125.0)
  - FlipperKit/FKPortForwarding (= 0.125.0)
  - FlipperKit/FlipperKitHighlightOverlay (= 0.125.0)
  - FlipperKit/FlipperKitLayoutPlugin (= 0.125.0)
  - FlipperKit/FlipperKitLayoutTextSearchable (= 0.125.0)
  - FlipperKit/FlipperKitNetworkPlugin (= 0.125.0)
  - FlipperKit/FlipperKitReactPlugin (= 0.125.0)
  - FlipperKit/FlipperKitUserDefaultsPlugin (= 0.125.0)
  - FlipperKit/SKIOSNetworkPlugin (= 0.125.0)
  - glog (from `../node_modules/react-native/third-party-podspecs/glog.podspec`)
  - OpenSSL-Universal (= 1.1.1100)
  - RCT-Folly (from `../node_modules/react-native/third-party-podspecs/RCT-Folly.podspec`)
  - RCTAEPAssurance (from `../../../packages/assurance`)
  - RCTAEPCampaignClassic (from `../../../packages/campaignclassic`)
  - RCTAEPCore (from `../../../packages/core`)
  - RCTAEPEdge (from `../../../packages/edge`)
  - RCTAEPEdgeConsent (from `../../../packages/edgeconsent`)
  - RCTAEPEdgeIdentity (from `../../../packages/edgeidentity`)
  - RCTAEPMessaging (from `../../../packages/messaging`)
  - RCTAEPOptimize (from `../../../packages/optimize`)
  - RCTAEPPlaces (from `../../../packages/places`)
  - RCTAEPTarget (from `../../../packages/target`)
  - RCTAEPUserProfile (from `../../../packages/userprofile`)
  - RCTRequired (from `../node_modules/react-native/Libraries/RCTRequired`)
  - RCTTypeSafety (from `../node_modules/react-native/Libraries/TypeSafety`)
  - React (from `../node_modules/react-native/`)
  - React-callinvoker (from `../node_modules/react-native/ReactCommon/callinvoker`)
  - React-Codegen (from `build/generated/ios`)
  - React-Core (from `../node_modules/react-native/`)
  - React-Core/DevSupport (from `../node_modules/react-native/`)
  - React-Core/RCTWebSocket (from `../node_modules/react-native/`)
  - React-CoreModules (from `../node_modules/react-native/React/CoreModules`)
  - React-cxxreact (from `../node_modules/react-native/ReactCommon/cxxreact`)
  - React-jsi (from `../node_modules/react-native/ReactCommon/jsi`)
  - React-jsiexecutor (from `../node_modules/react-native/ReactCommon/jsiexecutor`)
  - React-jsinspector (from `../node_modules/react-native/ReactCommon/jsinspector`)
  - React-logger (from `../node_modules/react-native/ReactCommon/logger`)
  - react-native-safe-area-context (from `../node_modules/react-native-safe-area-context`)
  - react-native-webview (from `../node_modules/react-native-webview`)
  - React-perflogger (from `../node_modules/react-native/ReactCommon/reactperflogger`)
  - React-RCTActionSheet (from `../node_modules/react-native/Libraries/ActionSheetIOS`)
  - React-RCTAnimation (from `../node_modules/react-native/Libraries/NativeAnimation`)
  - React-RCTBlob (from `../node_modules/react-native/Libraries/Blob`)
  - React-RCTImage (from `../node_modules/react-native/Libraries/Image`)
  - React-RCTLinking (from `../node_modules/react-native/Libraries/LinkingIOS`)
  - React-RCTNetwork (from `../node_modules/react-native/Libraries/Network`)
  - React-RCTSettings (from `../node_modules/react-native/Libraries/Settings`)
  - React-RCTText (from `../node_modules/react-native/Libraries/Text`)
  - React-RCTVibration (from `../node_modules/react-native/Libraries/Vibration`)
  - React-runtimeexecutor (from `../node_modules/react-native/ReactCommon/runtimeexecutor`)
  - ReactCommon/turbomodule/core (from `../node_modules/react-native/ReactCommon`)
  - "RNCMaskedView (from `../node_modules/@react-native-community/masked-view`)"
  - RNGestureHandler (from `../node_modules/react-native-gesture-handler`)
  - RNReanimated (from `../node_modules/react-native-reanimated`)
  - RNScreens (from `../node_modules/react-native-screens`)
  - Yoga (from `../node_modules/react-native/ReactCommon/yoga`)

SPEC REPOS:
  trunk:
    - AEPAssurance
    - AEPCampaignClassic
    - AEPCore
    - AEPEdge
    - AEPEdgeConsent
    - AEPEdgeIdentity
    - AEPIdentity
    - AEPLifecycle
    - AEPOptimize
    - AEPPlaces
    - AEPRulesEngine
    - AEPServices
    - AEPSignal
    - AEPTarget
    - AEPUserProfile
    - CocoaAsyncSocket
    - Flipper
    - Flipper-Boost-iOSX
    - Flipper-DoubleConversion
    - Flipper-Fmt
    - Flipper-Folly
    - Flipper-Glog
    - Flipper-PeerTalk
    - Flipper-RSocket
    - FlipperKit
    - fmt
    - libevent
    - OpenSSL-Universal
    - SocketRocket
    - YogaKit

EXTERNAL SOURCES:
  AEPMessaging:
    :branch: staging
    :git: https://github.com/adobe/aepsdk-messaging-ios.git
  boost:
    :podspec: "../node_modules/react-native/third-party-podspecs/boost.podspec"
  DoubleConversion:
    :podspec: "../node_modules/react-native/third-party-podspecs/DoubleConversion.podspec"
  FBLazyVector:
    :path: "../node_modules/react-native/Libraries/FBLazyVector"
  FBReactNativeSpec:
    :path: "../node_modules/react-native/React/FBReactNativeSpec"
  glog:
    :podspec: "../node_modules/react-native/third-party-podspecs/glog.podspec"
  RCT-Folly:
    :podspec: "../node_modules/react-native/third-party-podspecs/RCT-Folly.podspec"
  RCTAEPAssurance:
    :path: "../../../packages/assurance"
  RCTAEPCampaignClassic:
    :path: "../../../packages/campaignclassic"
  RCTAEPCore:
    :path: "../../../packages/core"
  RCTAEPEdge:
    :path: "../../../packages/edge"
  RCTAEPEdgeConsent:
    :path: "../../../packages/edgeconsent"
  RCTAEPEdgeIdentity:
    :path: "../../../packages/edgeidentity"
  RCTAEPMessaging:
    :path: "../../../packages/messaging"
  RCTAEPOptimize:
    :path: "../../../packages/optimize"
  RCTAEPPlaces:
    :path: "../../../packages/places"
  RCTAEPTarget:
    :path: "../../../packages/target"
  RCTAEPUserProfile:
    :path: "../../../packages/userprofile"
  RCTRequired:
    :path: "../node_modules/react-native/Libraries/RCTRequired"
  RCTTypeSafety:
    :path: "../node_modules/react-native/Libraries/TypeSafety"
  React:
    :path: "../node_modules/react-native/"
  React-callinvoker:
    :path: "../node_modules/react-native/ReactCommon/callinvoker"
  React-Codegen:
    :path: build/generated/ios
  React-Core:
    :path: "../node_modules/react-native/"
  React-CoreModules:
    :path: "../node_modules/react-native/React/CoreModules"
  React-cxxreact:
    :path: "../node_modules/react-native/ReactCommon/cxxreact"
  React-jsi:
    :path: "../node_modules/react-native/ReactCommon/jsi"
  React-jsiexecutor:
    :path: "../node_modules/react-native/ReactCommon/jsiexecutor"
  React-jsinspector:
    :path: "../node_modules/react-native/ReactCommon/jsinspector"
  React-logger:
    :path: "../node_modules/react-native/ReactCommon/logger"
  react-native-safe-area-context:
    :path: "../node_modules/react-native-safe-area-context"
  react-native-webview:
    :path: "../node_modules/react-native-webview"
  React-perflogger:
    :path: "../node_modules/react-native/ReactCommon/reactperflogger"
  React-RCTActionSheet:
    :path: "../node_modules/react-native/Libraries/ActionSheetIOS"
  React-RCTAnimation:
    :path: "../node_modules/react-native/Libraries/NativeAnimation"
  React-RCTBlob:
    :path: "../node_modules/react-native/Libraries/Blob"
  React-RCTImage:
    :path: "../node_modules/react-native/Libraries/Image"
  React-RCTLinking:
    :path: "../node_modules/react-native/Libraries/LinkingIOS"
  React-RCTNetwork:
    :path: "../node_modules/react-native/Libraries/Network"
  React-RCTSettings:
    :path: "../node_modules/react-native/Libraries/Settings"
  React-RCTText:
    :path: "../node_modules/react-native/Libraries/Text"
  React-RCTVibration:
    :path: "../node_modules/react-native/Libraries/Vibration"
  React-runtimeexecutor:
    :path: "../node_modules/react-native/ReactCommon/runtimeexecutor"
  ReactCommon:
    :path: "../node_modules/react-native/ReactCommon"
  RNCMaskedView:
    :path: "../node_modules/@react-native-community/masked-view"
  RNGestureHandler:
    :path: "../node_modules/react-native-gesture-handler"
  RNReanimated:
    :path: "../node_modules/react-native-reanimated"
  RNScreens:
    :path: "../node_modules/react-native-screens"
  Yoga:
    :path: "../node_modules/react-native/ReactCommon/yoga"

CHECKOUT OPTIONS:
  AEPMessaging:
    :commit: 07b77f29430e5cc7b6564809bbdf58fed622afb4
    :git: https://github.com/adobe/aepsdk-messaging-ios.git

SPEC CHECKSUMS:
  AEPAssurance: b25880cd4b14f22c61a1dce19807bd0ca0fe9b17
  AEPCampaignClassic: cd20252606d9e12d5ee2c410df260762faa49d2c
  AEPCore: 4f2d6af62f492e87a6cc9cbf4c89ae6f0ea89d81
  AEPEdge: 924cd8ace3db40b9c42bc2bc5e8fb1fcad3a9b77
  AEPEdgeConsent: a23b35ab331d2aa2013fcef49c9d6b80085d5597
  AEPEdgeIdentity: 47f0c6ecbec5857b2a8cb9b7bf717c2424c6bae0
  AEPIdentity: 4e298be480b327dd1fbb89e74210001bbbbb1c81
  AEPLifecycle: 64107400233d9add603a87d2a4b36002bccb0129
  AEPMessaging: 5497fbfaa9dc2a6ad3bc77068936491fc1706066
  AEPOptimize: 413690f88cb8ae574153a94081331788ca740a91
  AEPPlaces: f52c80817845429fca4321fc64326bd45ad9e495
  AEPRulesEngine: 71228dfdac24c9ded09be13e3257a7eb22468ccc
  AEPServices: 1c66ce125f9b3bbd46e42687b6929cd584bffdf4
  AEPSignal: d6473de3410183f1f0754b92b2938a571332362e
  AEPTarget: dcadd4dabd59976ff9067cead194c2d29576ffd9
  AEPUserProfile: 2ddb5ba8e2c22dd8f942992306b050f4be2c2403
  boost: a7c83b31436843459a1961bfd74b96033dc77234
  CocoaAsyncSocket: 065fd1e645c7abab64f7a6a2007a48038fdc6a99
  DoubleConversion: 831926d9b8bf8166fd87886c4abab286c2422662
  FBLazyVector: 2b47ff52037bd9ae07cc9b051c9975797814b736
  FBReactNativeSpec: 0e0d384ef17a33b385f13f0c7f97702c7cd17858
  Flipper: 26fc4b7382499f1281eb8cb921e5c3ad6de91fe0
  Flipper-Boost-iOSX: fd1e2b8cbef7e662a122412d7ac5f5bea715403c
  Flipper-DoubleConversion: 3d3d04a078d4f3a1b6c6916587f159dc11f232c4
  Flipper-Fmt: 60cbdd92fc254826e61d669a5d87ef7015396a9b
  Flipper-Folly: 584845625005ff068a6ebf41f857f468decd26b3
  Flipper-Glog: 87bc98ff48de90cb5b0b5114ed3da79d85ee2dd4
  Flipper-PeerTalk: 116d8f857dc6ef55c7a5a75ea3ceaafe878aadc9
  Flipper-RSocket: d9d9ade67cbecf6ac10730304bf5607266dd2541
  FlipperKit: cbdee19bdd4e7f05472a66ce290f1b729ba3cb86
  fmt: ff9d55029c625d3757ed641535fd4a75fedc7ce9
  glog: 476ee3e89abb49e07f822b48323c51c57124b572
  libevent: 4049cae6c81cdb3654a443be001fb9bdceff7913
  OpenSSL-Universal: ebc357f1e6bc71fa463ccb2fe676756aff50e88c
  RCT-Folly: 4d8508a426467c48885f1151029bc15fa5d7b3b8
  RCTAEPAssurance: 9f51b9b5da17f9b98a41ce29e4f3e3b67ea36c17
  RCTAEPCampaignClassic: 210ff4bddafe2987db76332f350a17200dfaeb27
  RCTAEPCore: 2c2e2711e00091d8abea6f5e7bffaf34367c363d
  RCTAEPEdge: 49d403c33981d1dd16085d586d561c736d9637e8
  RCTAEPEdgeConsent: dc4de5eca23da4a4859fea12dca63e89a08f9d2e
  RCTAEPEdgeIdentity: 39ad6df51e1d15066ec6d6072b12ec78500e268a
  RCTAEPMessaging: 94607ae33ee697fe07fd97aabc5d397c1c3fcb5d
  RCTAEPOptimize: 4683ee837ea032dc99cbda0081e68ea8100f1477
  RCTAEPPlaces: 280e50ef0a8fd73deb7e88e31734d7bc9a7cec4e
  RCTAEPTarget: 8bed683d798c8aba89700fa4f22c8465615faeac
  RCTAEPUserProfile: a3b540291d26782d2fe8f47c5ad058e94a3d4e8f
  RCTRequired: 0f06b6068f530932d10e1a01a5352fad4eaacb74
  RCTTypeSafety: b0ee81f10ef1b7d977605a2b266823dabd565e65
  React: 3becd12bd51ea8a43bdde7e09d0f40fba7820e03
  React-callinvoker: 11abfff50e6bf7a55b3a90b4dc2187f71f224593
  React-Codegen: f8946ce0768fb8e92e092e30944489c4b2955b2d
  React-Core: 203cdb6ee2657b198d97d41031c249161060e6ca
  React-CoreModules: 6eb0c06a4a223fde2cb6a8d0f44f58b67e808942
  React-cxxreact: afb0c6c07d19adbd850747fedeac20c6832d40b9
  React-jsi: 14d37a6db2af2c1a49f6f5c2e4ee667c364ae45c
  React-jsiexecutor: 45c0496ca8cef6b02d9fa0274c25cf458fe91a56
  React-jsinspector: eb202e43b3879aba9a14f3f65788aec85d4e1ea9
  React-logger: 98f663b292a60967ebbc6d803ae96c1381183b6d
  react-native-safe-area-context: 9e40fb181dac02619414ba1294d6c2a807056ab9
  react-native-webview: 9f111dfbcfc826084d6c507f569e5e03342ee1c1
  React-perflogger: 0458a87ea9a7342079e7a31b0d32b3734fb8415f
  React-RCTActionSheet: 22538001ea2926dea001111dd2846c13a0730bc9
  React-RCTAnimation: 732ce66878d4aa151d56a0d142b1105aa12fd313
  React-RCTBlob: 9cb9e3e9a41d27be34aaf89b0e0f52c7ca415d57
  React-RCTImage: 6bd16627eb9c4bb79903c4cdec7c551266ee1a5b
  React-RCTLinking: e9edfc8919c8fa9a3f3c7b34362811f58a2ebba4
  React-RCTNetwork: 880eccd21bbe2660a0b63da5ccba75c46eceeaa6
  React-RCTSettings: 8c85d8188c97d6c6bd470af6631a6c4555b79bb3
  React-RCTText: bbd275ee287730c5acbab1aadc0db39c25c5c64e
  React-RCTVibration: 9819a3bf6230e4b2a99877c21268b0b2416157a1
  React-runtimeexecutor: b1f1995089b90696dbc2a7ffe0059a80db5c8eb1
  ReactCommon: 149e2c0acab9bac61378da0db5b2880a1b5ff59b
  RNCMaskedView: 0e1bc4bfa8365eba5fbbb71e07fbdc0555249489
  RNGestureHandler: 071d7a9ad81e8b83fe7663b303d132406a7d8f39
  RNReanimated: e7d8afaf8fed4b3bf1a46e06adb2e04a2b248f1c
  RNScreens: 218801c16a2782546d30bd2026bb625c0302d70f
  SocketRocket: fccef3f9c5cedea1353a9ef6ada904fde10d6608
  Yoga: c4d61225a466f250c35c1ee78d2d0b3d41fe661c
  YogaKit: f782866e155069a2cca2517aafea43200b01fd5a

PODFILE CHECKSUM: b6cc517de111ec2f7c3a5f799cfd5bd953d7cb51

COCOAPODS: 1.11.3
